
Microsoft Visual Studio Solution File, Format Version 12.00
# Visual Studio Version 17
VisualStudioVersion = 17.5.33516.290
MinimumVisualStudioVersion = 10.0.40219.1
Project("{FAE04EC0-301F-11D3-BF4B-00C04F79EFBC}") = "wf06_listview", "wf06_listview\wf06_listview.csproj", "{C4430334-4F0D-444C-AA2C-6E096311A72F}"
EndProject
Project("{FAE04EC0-301F-11D3-BF4B-00C04F79EFBC}") = "wf07_myexplorer", "wf07_myexplorer\wf07_myexplorer.csproj", "{81358479-4AF2-48C2-879A-F34D99C435F2}"
EndProject
Global
	GlobalSection(SolutionConfigurationPlatforms) = preSolution
		Debug|Any CPU = Debug|Any CPU
		Release|Any CPU = Release|Any CPU
	EndGlobalSection
	GlobalSection(ProjectConfigurationPlatforms) = postSolution
		{C4430334-4F0D-444C-AA2C-6E096311A72F}.Debug|Any CPU.ActiveCfg = Debug|Any CPU
		{C4430334-4F0D-444C-AA2C-6E096311A72F}.Debug|Any CPU.Build.0 = Debug|Any CPU
		{C4430334-4F0D-444C-AA2C-6E096311A72F}.Release|Any CPU.ActiveCfg = Release|Any CPU
		{C4430334-4F0D-444C-AA2C-6E096311A72F}.Release|Any CPU.Build.0 = Release|Any CPU
		{81358479-4AF2-48C2-879A-F34D99C435F2}.Debug|Any CPU.ActiveCfg = Debug|Any CPU
		{81358479-4AF2-48C2-879A-F34D99C435F2}.Debug|Any CPU.Build.0 = Debug|Any CPU
		{81358479-4AF2-48C2-879A-F34D99C435F2}.Release|Any CPU.ActiveCfg = Release|Any CPU
		{81358479-4AF2-48C2-879A-F34D99C435F2}.Release|Any CPU.Build.0 = Release|Any CPU
	EndGlobalSection
	GlobalSection(SolutionProperties) = preSolution
		HideSolutionNode = FALSE
	EndGlobalSection
	GlobalSection(ExtensibilityGlobals) = postSolution
		SolutionGuid = {7FEE0C4A-DB71-459C-BE1A-C641DD749D69}
	EndGlobalSection
EndGlobal
