
Microsoft Visual Studio Solution File, Format Version 12.00
# Visual Studio Version 17
VisualStudioVersion = 17.5.33516.290
MinimumVisualStudioVersion = 10.0.40219.1
Project("{FAE04EC0-301F-11D3-BF4B-00C04F79EFBC}") = "cs23_collection", "cs12_collection\cs23_collection.csproj", "{E7E5DF12-303A-45CF-805D-23F70E6BBC61}"
EndProject
Project("{FAE04EC0-301F-11D3-BF4B-00C04F79EFBC}") = "cs24_generic", "cs24_generic\cs24_generic.csproj", "{72D686E4-B826-47B0-99B0-23281588085D}"
EndProject
Project("{FAE04EC0-301F-11D3-BF4B-00C04F79EFBC}") = "cs25_exception", "cs25_exception\cs25_exception.csproj", "{819471D2-19E9-40C3-801B-B139959C150B}"
EndProject
Global
	GlobalSection(SolutionConfigurationPlatforms) = preSolution
		Debug|Any CPU = Debug|Any CPU
		Release|Any CPU = Release|Any CPU
	EndGlobalSection
	GlobalSection(ProjectConfigurationPlatforms) = postSolution
		{E7E5DF12-303A-45CF-805D-23F70E6BBC61}.Debug|Any CPU.ActiveCfg = Debug|Any CPU
		{E7E5DF12-303A-45CF-805D-23F70E6BBC61}.Debug|Any CPU.Build.0 = Debug|Any CPU
		{E7E5DF12-303A-45CF-805D-23F70E6BBC61}.Release|Any CPU.ActiveCfg = Release|Any CPU
		{E7E5DF12-303A-45CF-805D-23F70E6BBC61}.Release|Any CPU.Build.0 = Release|Any CPU
		{72D686E4-B826-47B0-99B0-23281588085D}.Debug|Any CPU.ActiveCfg = Debug|Any CPU
		{72D686E4-B826-47B0-99B0-23281588085D}.Debug|Any CPU.Build.0 = Debug|Any CPU
		{72D686E4-B826-47B0-99B0-23281588085D}.Release|Any CPU.ActiveCfg = Release|Any CPU
		{72D686E4-B826-47B0-99B0-23281588085D}.Release|Any CPU.Build.0 = Release|Any CPU
		{819471D2-19E9-40C3-801B-B139959C150B}.Debug|Any CPU.ActiveCfg = Debug|Any CPU
		{819471D2-19E9-40C3-801B-B139959C150B}.Debug|Any CPU.Build.0 = Debug|Any CPU
		{819471D2-19E9-40C3-801B-B139959C150B}.Release|Any CPU.ActiveCfg = Release|Any CPU
		{819471D2-19E9-40C3-801B-B139959C150B}.Release|Any CPU.Build.0 = Release|Any CPU
	EndGlobalSection
	GlobalSection(SolutionProperties) = preSolution
		HideSolutionNode = FALSE
	EndGlobalSection
	GlobalSection(ExtensibilityGlobals) = postSolution
		SolutionGuid = {455981C9-C9E7-4D14-872A-71AC3601FCD2}
	EndGlobalSection
EndGlobal
