
Microsoft Visual Studio Solution File, Format Version 12.00
# Visual Studio Version 17
VisualStudioVersion = 17.5.33516.290
MinimumVisualStudioVersion = 10.0.40219.1
Project("{FAE04EC0-301F-11D3-BF4B-00C04F79EFBC}") = "cs20_abstractClass", "cs20_abstractClass\cs20_abstractClass.csproj", "{456EDF3E-B612-46E4-86D7-F60EF6DCC1A0}"
EndProject
Project("{FAE04EC0-301F-11D3-BF4B-00C04F79EFBC}") = "cs21_property", "cs21_property\cs21_property.csproj", "{B000009B-CA70-4995-861C-7764CFEA8AD5}"
EndProject
Project("{FAE04EC0-301F-11D3-BF4B-00C04F79EFBC}") = "cs22_collection", "cs22_collection\cs22_collection.csproj", "{4ACE04EE-715F-4E76-BDBB-2AC2DB09BCD3}"
EndProject
Global
	GlobalSection(SolutionConfigurationPlatforms) = preSolution
		Debug|Any CPU = Debug|Any CPU
		Release|Any CPU = Release|Any CPU
	EndGlobalSection
	GlobalSection(ProjectConfigurationPlatforms) = postSolution
		{456EDF3E-B612-46E4-86D7-F60EF6DCC1A0}.Debug|Any CPU.ActiveCfg = Debug|Any CPU
		{456EDF3E-B612-46E4-86D7-F60EF6DCC1A0}.Debug|Any CPU.Build.0 = Debug|Any CPU
		{456EDF3E-B612-46E4-86D7-F60EF6DCC1A0}.Release|Any CPU.ActiveCfg = Release|Any CPU
		{456EDF3E-B612-46E4-86D7-F60EF6DCC1A0}.Release|Any CPU.Build.0 = Release|Any CPU
		{B000009B-CA70-4995-861C-7764CFEA8AD5}.Debug|Any CPU.ActiveCfg = Debug|Any CPU
		{B000009B-CA70-4995-861C-7764CFEA8AD5}.Debug|Any CPU.Build.0 = Debug|Any CPU
		{B000009B-CA70-4995-861C-7764CFEA8AD5}.Release|Any CPU.ActiveCfg = Release|Any CPU
		{B000009B-CA70-4995-861C-7764CFEA8AD5}.Release|Any CPU.Build.0 = Release|Any CPU
		{4ACE04EE-715F-4E76-BDBB-2AC2DB09BCD3}.Debug|Any CPU.ActiveCfg = Debug|Any CPU
		{4ACE04EE-715F-4E76-BDBB-2AC2DB09BCD3}.Debug|Any CPU.Build.0 = Debug|Any CPU
		{4ACE04EE-715F-4E76-BDBB-2AC2DB09BCD3}.Release|Any CPU.ActiveCfg = Release|Any CPU
		{4ACE04EE-715F-4E76-BDBB-2AC2DB09BCD3}.Release|Any CPU.Build.0 = Release|Any CPU
	EndGlobalSection
	GlobalSection(SolutionProperties) = preSolution
		HideSolutionNode = FALSE
	EndGlobalSection
	GlobalSection(ExtensibilityGlobals) = postSolution
		SolutionGuid = {64964103-D9B2-4B41-822B-FEA98163DB21}
	EndGlobalSection
EndGlobal
